github.com/BurntSushi/toml v0.3.1/go.mod h1:xHWCNGjB5oqiDr8zfno3MHue2Ht5sIBksp03qcyfWMU=
github.com/lib/pq v1.0.0 h1:X5PMW56eZitiTeO7tKzZxFCSpbFZJtkMMooicw2us9A=
github.com/lib/pq v1.0.0/go.mod h1:5WUZQaWbwv1U+lTReE5YruASi9Al49XbQIvNi/34Woo=
github.com/peterbourgon/ff v1.2.0 h1:wGn2NwdHk8MTlRQpnXnO91UKegxt5DvlwR/bTK/L2hc=
github.com/peterbourgon/ff v1.2.0/go.mod h1:ljiF7yxtUvZaxUDyUqQa0+uiEOgwVboj+Q2S2+0nq40=
